// !$*UTF8*$!
{
	archiveVersion = 1;
	classes = {
	};
	objectVersion = 52;
	objects = {

/* Begin PBXBuildFile section */
		9F57DA7A26C659E500FEC44C /* GangViewController.swift in Sources */ = {isa = PBXBuildFile; fileRef = 9F57DA7926C659E500FEC44C /* GangViewController.swift */; };
		9F57DA7C26C659EF00FEC44C /* GangViewModel.swift in Sources */ = {isa = PBXBuildFile; fileRef = 9F57DA7B26C659EF00FEC44C /* GangViewModel.swift */; };
		9F57DA7F26C65AE700FEC44C /* Swinject in Frameworks */ = {isa = PBXBuildFile; productRef = 9F57DA7E26C65AE700FEC44C /* Swinject */; };
		9F57DA8126C65B1100FEC44C /* GangAssembly.swift in Sources */ = {isa = PBXBuildFile; fileRef = 9F57DA8026C65B1100FEC44C /* GangAssembly.swift */; };
		9F57DA8426C65E0700FEC44C /* UIViewController+NavigationController.swift in Sources */ = {isa = PBXBuildFile; fileRef = 9F57DA8326C65E0700FEC44C /* UIViewController+NavigationController.swift */; };
		9F57DA8826C65F4800FEC44C /* DataManagerProtocols.swift in Sources */ = {isa = PBXBuildFile; fileRef = 9F57DA8726C65F4800FEC44C /* DataManagerProtocols.swift */; };
		9F57DA8A26C65F5700FEC44C /* DataManagerAssembly.swift in Sources */ = {isa = PBXBuildFile; fileRef = 9F57DA8926C65F5700FEC44C /* DataManagerAssembly.swift */; };
		9F57DA8C26C6628100FEC44C /* ApplicationMode.swift in Sources */ = {isa = PBXBuildFile; fileRef = 9F57DA8B26C6628100FEC44C /* ApplicationMode.swift */; };
		9F57DA8E26C6685200FEC44C /* AppDelegate+ApplicationMode.swift in Sources */ = {isa = PBXBuildFile; fileRef = 9F57DA8D26C6685200FEC44C /* AppDelegate+ApplicationMode.swift */; };
		9F57DA9126C66C8B00FEC44C /* CardListViewModel.swift in Sources */ = {isa = PBXBuildFile; fileRef = 9F57DA9026C66C8B00FEC44C /* CardListViewModel.swift */; };
		9F57DA9326C66CB200FEC44C /* CardListAssembly.swift in Sources */ = {isa = PBXBuildFile; fileRef = 9F57DA9226C66CB200FEC44C /* CardListAssembly.swift */; };
		9F57DA9626C6773200FEC44C /* TabBarViewConroller.swift in Sources */ = {isa = PBXBuildFile; fileRef = 9F57DA9526C6773200FEC44C /* TabBarViewConroller.swift */; };
		9F57DA9826C6776300FEC44C /* TabBarViewModel.swift in Sources */ = {isa = PBXBuildFile; fileRef = 9F57DA9726C6776300FEC44C /* TabBarViewModel.swift */; };
		9F57DA9A26C677C100FEC44C /* TabBarAssembly.swift in Sources */ = {isa = PBXBuildFile; fileRef = 9F57DA9926C677C100FEC44C /* TabBarAssembly.swift */; };
		9F57DA9C26C679E100FEC44C /* ApplicationAssembler.swift in Sources */ = {isa = PBXBuildFile; fileRef = 9F57DA9B26C679E100FEC44C /* ApplicationAssembler.swift */; };
		9FC61A7226B84FD1007C67D9 /* AppDelegate.swift in Sources */ = {isa = PBXBuildFile; fileRef = 9FC61A7126B84FD1007C67D9 /* AppDelegate.swift */; };
		9FC61A7426B84FD1007C67D9 /* SceneDelegate.swift in Sources */ = {isa = PBXBuildFile; fileRef = 9FC61A7326B84FD1007C67D9 /* SceneDelegate.swift */; };
		9FC61A7626B84FD1007C67D9 /* CardListViewController.swift in Sources */ = {isa = PBXBuildFile; fileRef = 9FC61A7526B84FD1007C67D9 /* CardListViewController.swift */; };
		9FC61A7926B84FD1007C67D9 /* Main.storyboard in Resources */ = {isa = PBXBuildFile; fileRef = 9FC61A7726B84FD1007C67D9 /* Main.storyboard */; };
		9FC61A7B26B84FD3007C67D9 /* Assets.xcassets in Resources */ = {isa = PBXBuildFile; fileRef = 9FC61A7A26B84FD3007C67D9 /* Assets.xcassets */; };
		9FC61A7E26B84FD3007C67D9 /* LaunchScreen.storyboard in Resources */ = {isa = PBXBuildFile; fileRef = 9FC61A7C26B84FD3007C67D9 /* LaunchScreen.storyboard */; };
		9FC61A8726B8539A007C67D9 /* Cards.plist in Resources */ = {isa = PBXBuildFile; fileRef = 9FC61A8626B8539A007C67D9 /* Cards.plist */; };
		9FC61A8D26B87276007C67D9 /* CardParcer.swift in Sources */ = {isa = PBXBuildFile; fileRef = 9FC61A8C26B87276007C67D9 /* CardParcer.swift */; };
		9FC61A8F26B87546007C67D9 /* DataManager.swift in Sources */ = {isa = PBXBuildFile; fileRef = 9FC61A8E26B87546007C67D9 /* DataManager.swift */; };
		9FF2A8EC284D4BA900087B78 /* CardListCell.xib in Resources */ = {isa = PBXBuildFile; fileRef = 9FF2A8E7284D4BA900087B78 /* CardListCell.xib */; };
		9FF2A8ED284D4BA900087B78 /* CardListCell.swift in Sources */ = {isa = PBXBuildFile; fileRef = 9FF2A8E8284D4BA900087B78 /* CardListCell.swift */; };
		9FF2A8EE284D4BA900087B78 /* GangListCell.swift in Sources */ = {isa = PBXBuildFile; fileRef = 9FF2A8EA284D4BA900087B78 /* GangListCell.swift */; };
		9FF2A8EF284D4BA900087B78 /* GangListCell.xib in Resources */ = {isa = PBXBuildFile; fileRef = 9FF2A8EB284D4BA900087B78 /* GangListCell.xib */; };
		9FF2A8F8284D4BE700087B78 /* Card.swift in Sources */ = {isa = PBXBuildFile; fileRef = 9FF2A8F1284D4BE700087B78 /* Card.swift */; };
		9FF2A8F9284D4BE700087B78 /* Gang.swift in Sources */ = {isa = PBXBuildFile; fileRef = 9FF2A8F2284D4BE700087B78 /* Gang.swift */; };
		9FF2A8FA284D4BE700087B78 /* Modification.swift in Sources */ = {isa = PBXBuildFile; fileRef = 9FF2A8F3284D4BE700087B78 /* Modification.swift */; };
		9FF2A8FB284D4BE700087B78 /* Skill.swift in Sources */ = {isa = PBXBuildFile; fileRef = 9FF2A8F4284D4BE700087B78 /* Skill.swift */; };
		9FF2A8FC284D4BE700087B78 /* Gun.swift in Sources */ = {isa = PBXBuildFile; fileRef = 9FF2A8F5284D4BE700087B78 /* Gun.swift */; };
		9FF2A8FD284D4BE700087B78 /* Wargear.swift in Sources */ = {isa = PBXBuildFile; fileRef = 9FF2A8F6284D4BE700087B78 /* Wargear.swift */; };
		9FF2A8FE284D4BE700087B78 /* Ganger.swift in Sources */ = {isa = PBXBuildFile; fileRef = 9FF2A8F7284D4BE700087B78 /* Ganger.swift */; };
		9FF2A900284D4C0500087B78 /* NSObject+ClassName.swift in Sources */ = {isa = PBXBuildFile; fileRef = 9FF2A8FF284D4C0500087B78 /* NSObject+ClassName.swift */; };
/* End PBXBuildFile section */

/* Begin PBXFileReference section */
		9F57DA7926C659E500FEC44C /* GangViewController.swift */ = {isa = PBXFileReference; lastKnownFileType = sourcecode.swift; path = GangViewController.swift; sourceTree = "<group>"; };
		9F57DA7B26C659EF00FEC44C /* GangViewModel.swift */ = {isa = PBXFileReference; lastKnownFileType = sourcecode.swift; path = GangViewModel.swift; sourceTree = "<group>"; };
		9F57DA8026C65B1100FEC44C /* GangAssembly.swift */ = {isa = PBXFileReference; lastKnownFileType = sourcecode.swift; path = GangAssembly.swift; sourceTree = "<group>"; };
		9F57DA8326C65E0700FEC44C /* UIViewController+NavigationController.swift */ = {isa = PBXFileReference; lastKnownFileType = sourcecode.swift; path = "UIViewController+NavigationController.swift"; sourceTree = "<group>"; };
		9F57DA8726C65F4800FEC44C /* DataManagerProtocols.swift */ = {isa = PBXFileReference; lastKnownFileType = sourcecode.swift; path = DataManagerProtocols.swift; sourceTree = "<group>"; };
		9F57DA8926C65F5700FEC44C /* DataManagerAssembly.swift */ = {isa = PBXFileReference; lastKnownFileType = sourcecode.swift; path = DataManagerAssembly.swift; sourceTree = "<group>"; };
		9F57DA8B26C6628100FEC44C /* ApplicationMode.swift */ = {isa = PBXFileReference; lastKnownFileType = sourcecode.swift; path = ApplicationMode.swift; sourceTree = "<group>"; };
		9F57DA8D26C6685200FEC44C /* AppDelegate+ApplicationMode.swift */ = {isa = PBXFileReference; lastKnownFileType = sourcecode.swift; path = "AppDelegate+ApplicationMode.swift"; sourceTree = "<group>"; };
		9F57DA9026C66C8B00FEC44C /* CardListViewModel.swift */ = {isa = PBXFileReference; lastKnownFileType = sourcecode.swift; path = CardListViewModel.swift; sourceTree = "<group>"; };
		9F57DA9226C66CB200FEC44C /* CardListAssembly.swift */ = {isa = PBXFileReference; lastKnownFileType = sourcecode.swift; path = CardListAssembly.swift; sourceTree = "<group>"; };
		9F57DA9526C6773200FEC44C /* TabBarViewConroller.swift */ = {isa = PBXFileReference; lastKnownFileType = sourcecode.swift; path = TabBarViewConroller.swift; sourceTree = "<group>"; };
		9F57DA9726C6776300FEC44C /* TabBarViewModel.swift */ = {isa = PBXFileReference; lastKnownFileType = sourcecode.swift; path = TabBarViewModel.swift; sourceTree = "<group>"; };
		9F57DA9926C677C100FEC44C /* TabBarAssembly.swift */ = {isa = PBXFileReference; lastKnownFileType = sourcecode.swift; path = TabBarAssembly.swift; sourceTree = "<group>"; };
		9F57DA9B26C679E100FEC44C /* ApplicationAssembler.swift */ = {isa = PBXFileReference; fileEncoding = 4; lastKnownFileType = sourcecode.swift; path = ApplicationAssembler.swift; sourceTree = "<group>"; };
		9FC61A6E26B84FD1007C67D9 /* CardGen.app */ = {isa = PBXFileReference; explicitFileType = wrapper.application; includeInIndex = 0; path = CardGen.app; sourceTree = BUILT_PRODUCTS_DIR; };
		9FC61A7126B84FD1007C67D9 /* AppDelegate.swift */ = {isa = PBXFileReference; lastKnownFileType = sourcecode.swift; path = AppDelegate.swift; sourceTree = "<group>"; };
		9FC61A7326B84FD1007C67D9 /* SceneDelegate.swift */ = {isa = PBXFileReference; lastKnownFileType = sourcecode.swift; path = SceneDelegate.swift; sourceTree = "<group>"; };
		9FC61A7526B84FD1007C67D9 /* CardListViewController.swift */ = {isa = PBXFileReference; lastKnownFileType = sourcecode.swift; path = CardListViewController.swift; sourceTree = "<group>"; };
		9FC61A7826B84FD1007C67D9 /* Base */ = {isa = PBXFileReference; lastKnownFileType = file.storyboard; name = Base; path = Base.lproj/Main.storyboard; sourceTree = "<group>"; };
		9FC61A7A26B84FD3007C67D9 /* Assets.xcassets */ = {isa = PBXFileReference; lastKnownFileType = folder.assetcatalog; path = Assets.xcassets; sourceTree = "<group>"; };
		9FC61A7D26B84FD3007C67D9 /* Base */ = {isa = PBXFileReference; lastKnownFileType = file.storyboard; name = Base; path = Base.lproj/LaunchScreen.storyboard; sourceTree = "<group>"; };
		9FC61A7F26B84FD3007C67D9 /* Info.plist */ = {isa = PBXFileReference; lastKnownFileType = text.plist.xml; path = Info.plist; sourceTree = "<group>"; };
		9FC61A8626B8539A007C67D9 /* Cards.plist */ = {isa = PBXFileReference; lastKnownFileType = text.plist.xml; path = Cards.plist; sourceTree = "<group>"; };
		9FC61A8C26B87276007C67D9 /* CardParcer.swift */ = {isa = PBXFileReference; lastKnownFileType = sourcecode.swift; path = CardParcer.swift; sourceTree = "<group>"; };
		9FC61A8E26B87546007C67D9 /* DataManager.swift */ = {isa = PBXFileReference; lastKnownFileType = sourcecode.swift; path = DataManager.swift; sourceTree = "<group>"; };
		9FF2A8E7284D4BA900087B78 /* CardListCell.xib */ = {isa = PBXFileReference; fileEncoding = 4; lastKnownFileType = file.xib; path = CardListCell.xib; sourceTree = "<group>"; };
		9FF2A8E8284D4BA900087B78 /* CardListCell.swift */ = {isa = PBXFileReference; fileEncoding = 4; lastKnownFileType = sourcecode.swift; path = CardListCell.swift; sourceTree = "<group>"; };
		9FF2A8EA284D4BA900087B78 /* GangListCell.swift */ = {isa = PBXFileReference; fileEncoding = 4; lastKnownFileType = sourcecode.swift; path = GangListCell.swift; sourceTree = "<group>"; };
		9FF2A8EB284D4BA900087B78 /* GangListCell.xib */ = {isa = PBXFileReference; fileEncoding = 4; lastKnownFileType = file.xib; path = GangListCell.xib; sourceTree = "<group>"; };
		9FF2A8F1284D4BE700087B78 /* Card.swift */ = {isa = PBXFileReference; fileEncoding = 4; lastKnownFileType = sourcecode.swift; path = Card.swift; sourceTree = "<group>"; };
		9FF2A8F2284D4BE700087B78 /* Gang.swift */ = {isa = PBXFileReference; fileEncoding = 4; lastKnownFileType = sourcecode.swift; path = Gang.swift; sourceTree = "<group>"; };
		9FF2A8F3284D4BE700087B78 /* Modification.swift */ = {isa = PBXFileReference; fileEncoding = 4; lastKnownFileType = sourcecode.swift; path = Modification.swift; sourceTree = "<group>"; };
		9FF2A8F4284D4BE700087B78 /* Skill.swift */ = {isa = PBXFileReference; fileEncoding = 4; lastKnownFileType = sourcecode.swift; path = Skill.swift; sourceTree = "<group>"; };
		9FF2A8F5284D4BE700087B78 /* Gun.swift */ = {isa = PBXFileReference; fileEncoding = 4; lastKnownFileType = sourcecode.swift; path = Gun.swift; sourceTree = "<group>"; };
		9FF2A8F6284D4BE700087B78 /* Wargear.swift */ = {isa = PBXFileReference; fileEncoding = 4; lastKnownFileType = sourcecode.swift; path = Wargear.swift; sourceTree = "<group>"; };
		9FF2A8F7284D4BE700087B78 /* Ganger.swift */ = {isa = PBXFileReference; fileEncoding = 4; lastKnownFileType = sourcecode.swift; path = Ganger.swift; sourceTree = "<group>"; };
		9FF2A8FF284D4C0500087B78 /* NSObject+ClassName.swift */ = {isa = PBXFileReference; fileEncoding = 4; lastKnownFileType = sourcecode.swift; path = "NSObject+ClassName.swift"; sourceTree = "<group>"; };
/* End PBXFileReference section */

/* Begin PBXFrameworksBuildPhase section */
		9FC61A6B26B84FD1007C67D9 /* Frameworks */ = {
			isa = PBXFrameworksBuildPhase;
			buildActionMask = 2147483647;
			files = (
				9F57DA7F26C65AE700FEC44C /* Swinject in Frameworks */,
			);
			runOnlyForDeploymentPostprocessing = 0;
		};
/* End PBXFrameworksBuildPhase section */

/* Begin PBXGroup section */
		9F57DA7626C6599800FEC44C /* Flows */ = {
			isa = PBXGroup;
			children = (
				9F57DA7826C659C900FEC44C /* Gang */,
				9F57DA8F26C66C3500FEC44C /* Cards */,
				9F57DA7726C659AA00FEC44C /* Common */,
			);
			path = Flows;
			sourceTree = "<group>";
		};
		9F57DA7726C659AA00FEC44C /* Common */ = {
			isa = PBXGroup;
			children = (
				9F57DA9426C6750B00FEC44C /* TabBar */,
			);
			path = Common;
			sourceTree = "<group>";
		};
		9F57DA7826C659C900FEC44C /* Gang */ = {
			isa = PBXGroup;
			children = (
				9F57DA7926C659E500FEC44C /* GangViewController.swift */,
				9F57DA7B26C659EF00FEC44C /* GangViewModel.swift */,
				9F57DA8026C65B1100FEC44C /* GangAssembly.swift */,
			);
			path = Gang;
			sourceTree = "<group>";
		};
		9F57DA8226C65DDD00FEC44C /* Extensions */ = {
			isa = PBXGroup;
			children = (
				9F57DA8326C65E0700FEC44C /* UIViewController+NavigationController.swift */,
				9FF2A8FF284D4C0500087B78 /* NSObject+ClassName.swift */,
				9F57DA8D26C6685200FEC44C /* AppDelegate+ApplicationMode.swift */,
			);
			path = Extensions;
			sourceTree = "<group>";
		};
		9F57DA8526C65F1800FEC44C /* DataManager */ = {
			isa = PBXGroup;
			children = (
				9FC61A8E26B87546007C67D9 /* DataManager.swift */,
				9F57DA8726C65F4800FEC44C /* DataManagerProtocols.swift */,
				9F57DA8926C65F5700FEC44C /* DataManagerAssembly.swift */,
				9F57DA8B26C6628100FEC44C /* ApplicationMode.swift */,
			);
			path = DataManager;
			sourceTree = "<group>";
		};
		9F57DA8F26C66C3500FEC44C /* Cards */ = {
			isa = PBXGroup;
			children = (
				9FC61A7526B84FD1007C67D9 /* CardListViewController.swift */,
				9F57DA9026C66C8B00FEC44C /* CardListViewModel.swift */,
				9F57DA9226C66CB200FEC44C /* CardListAssembly.swift */,
			);
			path = Cards;
			sourceTree = "<group>";
		};
		9F57DA9426C6750B00FEC44C /* TabBar */ = {
			isa = PBXGroup;
			children = (
				9F57DA9526C6773200FEC44C /* TabBarViewConroller.swift */,
				9F57DA9726C6776300FEC44C /* TabBarViewModel.swift */,
				9F57DA9926C677C100FEC44C /* TabBarAssembly.swift */,
			);
			path = TabBar;
			sourceTree = "<group>";
		};
		9FC61A6526B84FD1007C67D9 = {
			isa = PBXGroup;
			children = (
				9FC61A7026B84FD1007C67D9 /* CardGen */,
				9FC61A6F26B84FD1007C67D9 /* Products */,
			);
			sourceTree = "<group>";
		};
		9FC61A6F26B84FD1007C67D9 /* Products */ = {
			isa = PBXGroup;
			children = (
				9FC61A6E26B84FD1007C67D9 /* CardGen.app */,
			);
			name = Products;
			sourceTree = "<group>";
		};
		9FC61A7026B84FD1007C67D9 /* CardGen */ = {
			isa = PBXGroup;
			children = (
				9FF2A8F0284D4BE700087B78 /* Model */,
				9FF2A8E5284D4BA900087B78 /* Rows */,
				9F57DA8226C65DDD00FEC44C /* Extensions */,
				9F57DA7626C6599800FEC44C /* Flows */,
				9FC61A8B26B87266007C67D9 /* Services */,
				9FC61A8526B8537E007C67D9 /* Source */,
				9FC61A7126B84FD1007C67D9 /* AppDelegate.swift */,
				9FC61A7326B84FD1007C67D9 /* SceneDelegate.swift */,
				9FC61A7726B84FD1007C67D9 /* Main.storyboard */,
				9FC61A7A26B84FD3007C67D9 /* Assets.xcassets */,
				9FC61A7C26B84FD3007C67D9 /* LaunchScreen.storyboard */,
				9FC61A7F26B84FD3007C67D9 /* Info.plist */,
			);
			path = CardGen;
			sourceTree = "<group>";
		};
		9FC61A8526B8537E007C67D9 /* Source */ = {
			isa = PBXGroup;
			children = (
				9FC61A8626B8539A007C67D9 /* Cards.plist */,
			);
			path = Source;
			sourceTree = "<group>";
		};
		9FC61A8B26B87266007C67D9 /* Services */ = {
			isa = PBXGroup;
			children = (
				9F57DA9B26C679E100FEC44C /* ApplicationAssembler.swift */,
				9F57DA8526C65F1800FEC44C /* DataManager */,
				9FC61A8C26B87276007C67D9 /* CardParcer.swift */,
			);
			path = Services;
			sourceTree = "<group>";
		};
		9FF2A8E5284D4BA900087B78 /* Rows */ = {
			isa = PBXGroup;
			children = (
				9FF2A8E6284D4BA900087B78 /* CardListCell */,
				9FF2A8E9284D4BA900087B78 /* GangListCell */,
			);
			path = Rows;
			sourceTree = "<group>";
		};
		9FF2A8E6284D4BA900087B78 /* CardListCell */ = {
			isa = PBXGroup;
			children = (
				9FF2A8E7284D4BA900087B78 /* CardListCell.xib */,
				9FF2A8E8284D4BA900087B78 /* CardListCell.swift */,
			);
			path = CardListCell;
			sourceTree = "<group>";
		};
		9FF2A8E9284D4BA900087B78 /* GangListCell */ = {
			isa = PBXGroup;
			children = (
				9FF2A8EA284D4BA900087B78 /* GangListCell.swift */,
				9FF2A8EB284D4BA900087B78 /* GangListCell.xib */,
			);
			path = GangListCell;
			sourceTree = "<group>";
		};
		9FF2A8F0284D4BE700087B78 /* Model */ = {
			isa = PBXGroup;
			children = (
				9FF2A8F1284D4BE700087B78 /* Card.swift */,
				9FF2A8F2284D4BE700087B78 /* Gang.swift */,
				9FF2A8F3284D4BE700087B78 /* Modification.swift */,
				9FF2A8F4284D4BE700087B78 /* Skill.swift */,
				9FF2A8F5284D4BE700087B78 /* Gun.swift */,
				9FF2A8F6284D4BE700087B78 /* Wargear.swift */,
				9FF2A8F7284D4BE700087B78 /* Ganger.swift */,
			);
			path = Model;
			sourceTree = "<group>";
		};
/* End PBXGroup section */

/* Begin PBXNativeTarget section */
		9FC61A6D26B84FD1007C67D9 /* CardGen */ = {
			isa = PBXNativeTarget;
			buildConfigurationList = 9FC61A8226B84FD3007C67D9 /* Build configuration list for PBXNativeTarget "CardGen" */;
			buildPhases = (
				9FC61A6A26B84FD1007C67D9 /* Sources */,
				9FC61A6B26B84FD1007C67D9 /* Frameworks */,
				9FC61A6C26B84FD1007C67D9 /* Resources */,
			);
			buildRules = (
			);
			dependencies = (
			);
			name = CardGen;
			packageProductDependencies = (
				9F57DA7E26C65AE700FEC44C /* Swinject */,
			);
			productName = CardGen;
			productReference = 9FC61A6E26B84FD1007C67D9 /* CardGen.app */;
			productType = "com.apple.product-type.application";
		};
/* End PBXNativeTarget section */

/* Begin PBXProject section */
		9FC61A6626B84FD1007C67D9 /* Project object */ = {
			isa = PBXProject;
			attributes = {
				LastSwiftUpdateCheck = 1250;
				LastUpgradeCheck = 1250;
				TargetAttributes = {
					9FC61A6D26B84FD1007C67D9 = {
						CreatedOnToolsVersion = 12.5.1;
					};
				};
			};
			buildConfigurationList = 9FC61A6926B84FD1007C67D9 /* Build configuration list for PBXProject "CardGen" */;
			compatibilityVersion = "Xcode 9.3";
			developmentRegion = en;
			hasScannedForEncodings = 0;
			knownRegions = (
				en,
				Base,
			);
			mainGroup = 9FC61A6526B84FD1007C67D9;
			packageReferences = (
				9F57DA7D26C65AE700FEC44C /* XCRemoteSwiftPackageReference "Swinject" */,
			);
			productRefGroup = 9FC61A6F26B84FD1007C67D9 /* Products */;
			projectDirPath = "";
			projectRoot = "";
			targets = (
				9FC61A6D26B84FD1007C67D9 /* CardGen */,
			);
		};
/* End PBXProject section */

/* Begin PBXResourcesBuildPhase section */
		9FC61A6C26B84FD1007C67D9 /* Resources */ = {
			isa = PBXResourcesBuildPhase;
			buildActionMask = 2147483647;
			files = (
				9FF2A8EF284D4BA900087B78 /* GangListCell.xib in Resources */,
				9FC61A7E26B84FD3007C67D9 /* LaunchScreen.storyboard in Resources */,
				9FC61A7B26B84FD3007C67D9 /* Assets.xcassets in Resources */,
				9FC61A8726B8539A007C67D9 /* Cards.plist in Resources */,
				9FF2A8EC284D4BA900087B78 /* CardListCell.xib in Resources */,
				9FC61A7926B84FD1007C67D9 /* Main.storyboard in Resources */,
			);
			runOnlyForDeploymentPostprocessing = 0;
		};
/* End PBXResourcesBuildPhase section */

/* Begin PBXSourcesBuildPhase section */
		9FC61A6A26B84FD1007C67D9 /* Sources */ = {
			isa = PBXSourcesBuildPhase;
			buildActionMask = 2147483647;
			files = (
				9FC61A7626B84FD1007C67D9 /* CardListViewController.swift in Sources */,
				9F57DA8C26C6628100FEC44C /* ApplicationMode.swift in Sources */,
				9FF2A8FB284D4BE700087B78 /* Skill.swift in Sources */,
				9FF2A900284D4C0500087B78 /* NSObject+ClassName.swift in Sources */,
				9F57DA8426C65E0700FEC44C /* UIViewController+NavigationController.swift in Sources */,
				9FF2A8FC284D4BE700087B78 /* Gun.swift in Sources */,
				9FF2A8FA284D4BE700087B78 /* Modification.swift in Sources */,
				9FC61A8F26B87546007C67D9 /* DataManager.swift in Sources */,
				9F57DA9126C66C8B00FEC44C /* CardListViewModel.swift in Sources */,
				9F57DA9326C66CB200FEC44C /* CardListAssembly.swift in Sources */,
				9F57DA9C26C679E100FEC44C /* ApplicationAssembler.swift in Sources */,
				9F57DA8126C65B1100FEC44C /* GangAssembly.swift in Sources */,
				9FC61A8D26B87276007C67D9 /* CardParcer.swift in Sources */,
				9FC61A7226B84FD1007C67D9 /* AppDelegate.swift in Sources */,
				9F57DA9626C6773200FEC44C /* TabBarViewConroller.swift in Sources */,
				9FF2A8ED284D4BA900087B78 /* CardListCell.swift in Sources */,
				9FC61A7426B84FD1007C67D9 /* SceneDelegate.swift in Sources */,
				9F57DA9A26C677C100FEC44C /* TabBarAssembly.swift in Sources */,
				9FF2A8F9284D4BE700087B78 /* Gang.swift in Sources */,
				9F57DA9826C6776300FEC44C /* TabBarViewModel.swift in Sources */,
				9FF2A8FE284D4BE700087B78 /* Ganger.swift in Sources */,
				9F57DA7A26C659E500FEC44C /* GangViewController.swift in Sources */,
				9FF2A8EE284D4BA900087B78 /* GangListCell.swift in Sources */,
				9FF2A8FD284D4BE700087B78 /* Wargear.swift in Sources */,
				9F57DA8A26C65F5700FEC44C /* DataManagerAssembly.swift in Sources */,
				9F57DA7C26C659EF00FEC44C /* GangViewModel.swift in Sources */,
				9F57DA8826C65F4800FEC44C /* DataManagerProtocols.swift in Sources */,
				9F57DA8E26C6685200FEC44C /* AppDelegate+ApplicationMode.swift in Sources */,
				9FF2A8F8284D4BE700087B78 /* Card.swift in Sources */,
			);
			runOnlyForDeploymentPostprocessing = 0;
		};
/* End PBXSourcesBuildPhase section */

/* Begin PBXVariantGroup section */
		9FC61A7726B84FD1007C67D9 /* Main.storyboard */ = {
			isa = PBXVariantGroup;
			children = (
				9FC61A7826B84FD1007C67D9 /* Base */,
			);
			name = Main.storyboard;
			sourceTree = "<group>";
		};
		9FC61A7C26B84FD3007C67D9 /* LaunchScreen.storyboard */ = {
			isa = PBXVariantGroup;
			children = (
				9FC61A7D26B84FD3007C67D9 /* Base */,
			);
			name = LaunchScreen.storyboard;
			sourceTree = "<group>";
		};
/* End PBXVariantGroup section */

/* Begin XCBuildConfiguration section */
		9FC61A8026B84FD3007C67D9 /* Debug */ = {
			isa = XCBuildConfiguration;
			buildSettings = {
				ALWAYS_SEARCH_USER_PATHS = NO;
				CLANG_ANALYZER_NONNULL = YES;
				CLANG_ANALYZER_NUMBER_OBJECT_CONVERSION = YES_AGGRESSIVE;
				CLANG_CXX_LANGUAGE_STANDARD = "gnu++14";
				CLANG_CXX_LIBRARY = "libc++";
				CLANG_ENABLE_MODULES = YES;
				CLANG_ENABLE_OBJC_ARC = YES;
				CLANG_ENABLE_OBJC_WEAK = YES;
				CLANG_WARN_BLOCK_CAPTURE_AUTORELEASING = YES;
				CLANG_WARN_BOOL_CONVERSION = YES;
				CLANG_WARN_COMMA = YES;
				CLANG_WARN_CONSTANT_CONVERSION = YES;
				CLANG_WARN_DEPRECATED_OBJC_IMPLEMENTATIONS = YES;
				CLANG_WARN_DIRECT_OBJC_ISA_USAGE = YES_ERROR;
				CLANG_WARN_DOCUMENTATION_COMMENTS = YES;
				CLANG_WARN_EMPTY_BODY = YES;
				CLANG_WARN_ENUM_CONVERSION = YES;
				CLANG_WARN_INFINITE_RECURSION = YES;
				CLANG_WARN_INT_CONVERSION = YES;
				CLANG_WARN_NON_LITERAL_NULL_CONVERSION = YES;
				CLANG_WARN_OBJC_IMPLICIT_RETAIN_SELF = YES;
				CLANG_WARN_OBJC_LITERAL_CONVERSION = YES;
				CLANG_WARN_OBJC_ROOT_CLASS = YES_ERROR;
				CLANG_WARN_QUOTED_INCLUDE_IN_FRAMEWORK_HEADER = YES;
				CLANG_WARN_RANGE_LOOP_ANALYSIS = YES;
				CLANG_WARN_STRICT_PROTOTYPES = YES;
				CLANG_WARN_SUSPICIOUS_MOVE = YES;
				CLANG_WARN_UNGUARDED_AVAILABILITY = YES_AGGRESSIVE;
				CLANG_WARN_UNREACHABLE_CODE = YES;
				CLANG_WARN__DUPLICATE_METHOD_MATCH = YES;
				COPY_PHASE_STRIP = NO;
				DEBUG_INFORMATION_FORMAT = dwarf;
				ENABLE_STRICT_OBJC_MSGSEND = YES;
				ENABLE_TESTABILITY = YES;
				GCC_C_LANGUAGE_STANDARD = gnu11;
				GCC_DYNAMIC_NO_PIC = NO;
				GCC_NO_COMMON_BLOCKS = YES;
				GCC_OPTIMIZATION_LEVEL = 0;
				GCC_PREPROCESSOR_DEFINITIONS = (
					"DEBUG=1",
					"$(inherited)",
				);
				GCC_WARN_64_TO_32_BIT_CONVERSION = YES;
				GCC_WARN_ABOUT_RETURN_TYPE = YES_ERROR;
				GCC_WARN_UNDECLARED_SELECTOR = YES;
				GCC_WARN_UNINITIALIZED_AUTOS = YES_AGGRESSIVE;
				GCC_WARN_UNUSED_FUNCTION = YES;
				GCC_WARN_UNUSED_VARIABLE = YES;
				IPHONEOS_DEPLOYMENT_TARGET = 14.5;
				MTL_ENABLE_DEBUG_INFO = INCLUDE_SOURCE;
				MTL_FAST_MATH = YES;
				ONLY_ACTIVE_ARCH = YES;
				SDKROOT = iphoneos;
				SWIFT_ACTIVE_COMPILATION_CONDITIONS = DEBUG;
				SWIFT_OPTIMIZATION_LEVEL = "-Onone";
			};
			name = Debug;
		};
		9FC61A8126B84FD3007C67D9 /* Release */ = {
			isa = XCBuildConfiguration;
			buildSettings = {
				ALWAYS_SEARCH_USER_PATHS = NO;
				CLANG_ANALYZER_NONNULL = YES;
				CLANG_ANALYZER_NUMBER_OBJECT_CONVERSION = YES_AGGRESSIVE;
				CLANG_CXX_LANGUAGE_STANDARD = "gnu++14";
				CLANG_CXX_LIBRARY = "libc++";
				CLANG_ENABLE_MODULES = YES;
				CLANG_ENABLE_OBJC_ARC = YES;
				CLANG_ENABLE_OBJC_WEAK = YES;
				CLANG_WARN_BLOCK_CAPTURE_AUTORELEASING = YES;
				CLANG_WARN_BOOL_CONVERSION = YES;
				CLANG_WARN_COMMA = YES;
				CLANG_WARN_CONSTANT_CONVERSION = YES;
				CLANG_WARN_DEPRECATED_OBJC_IMPLEMENTATIONS = YES;
				CLANG_WARN_DIRECT_OBJC_ISA_USAGE = YES_ERROR;
				CLANG_WARN_DOCUMENTATION_COMMENTS = YES;
				CLANG_WARN_EMPTY_BODY = YES;
				CLANG_WARN_ENUM_CONVERSION = YES;
				CLANG_WARN_INFINITE_RECURSION = YES;
				CLANG_WARN_INT_CONVERSION = YES;
				CLANG_WARN_NON_LITERAL_NULL_CONVERSION = YES;
				CLANG_WARN_OBJC_IMPLICIT_RETAIN_SELF = YES;
				CLANG_WARN_OBJC_LITERAL_CONVERSION = YES;
				CLANG_WARN_OBJC_ROOT_CLASS = YES_ERROR;
				CLANG_WARN_QUOTED_INCLUDE_IN_FRAMEWORK_HEADER = YES;
				CLANG_WARN_RANGE_LOOP_ANALYSIS = YES;
				CLANG_WARN_STRICT_PROTOTYPES = YES;
				CLANG_WARN_SUSPICIOUS_MOVE = YES;
				CLANG_WARN_UNGUARDED_AVAILABILITY = YES_AGGRESSIVE;
				CLANG_WARN_UNREACHABLE_CODE = YES;
				CLANG_WARN__DUPLICATE_METHOD_MATCH = YES;
				COPY_PHASE_STRIP = NO;
				DEBUG_INFORMATION_FORMAT = "dwarf-with-dsym";
				ENABLE_NS_ASSERTIONS = NO;
				ENABLE_STRICT_OBJC_MSGSEND = YES;
				GCC_C_LANGUAGE_STANDARD = gnu11;
				GCC_NO_COMMON_BLOCKS = YES;
				GCC_WARN_64_TO_32_BIT_CONVERSION = YES;
				GCC_WARN_ABOUT_RETURN_TYPE = YES_ERROR;
				GCC_WARN_UNDECLARED_SELECTOR = YES;
				GCC_WARN_UNINITIALIZED_AUTOS = YES_AGGRESSIVE;
				GCC_WARN_UNUSED_FUNCTION = YES;
				GCC_WARN_UNUSED_VARIABLE = YES;
				IPHONEOS_DEPLOYMENT_TARGET = 14.5;
				MTL_ENABLE_DEBUG_INFO = NO;
				MTL_FAST_MATH = YES;
				SDKROOT = iphoneos;
				SWIFT_COMPILATION_MODE = wholemodule;
				SWIFT_OPTIMIZATION_LEVEL = "-O";
				VALIDATE_PRODUCT = YES;
			};
			name = Release;
		};
		9FC61A8326B84FD3007C67D9 /* Debug */ = {
			isa = XCBuildConfiguration;
			buildSettings = {
				ASSETCATALOG_COMPILER_APPICON_NAME = AppIcon;
				ASSETCATALOG_COMPILER_GLOBAL_ACCENT_COLOR_NAME = AccentColor;
				CODE_SIGN_IDENTITY = "iPhone Developer";
				CODE_SIGN_STYLE = Manual;
				INFOPLIST_FILE = CardGen/Info.plist;
				LD_RUNPATH_SEARCH_PATHS = (
					"$(inherited)",
					"@executable_path/Frameworks",
				);
				PRODUCT_BUNDLE_IDENTIFIER = EN.CardGen;
				PRODUCT_NAME = "$(TARGET_NAME)";
				SWIFT_VERSION = 5.0;
				TARGETED_DEVICE_FAMILY = "1,2";
			};
			name = Debug;
		};
		9FC61A8426B84FD3007C67D9 /* Release */ = {
			isa = XCBuildConfiguration;
			buildSettings = {
				ASSETCATALOG_COMPILER_APPICON_NAME = AppIcon;
				ASSETCATALOG_COMPILER_GLOBAL_ACCENT_COLOR_NAME = AccentColor;
				CODE_SIGN_IDENTITY = "iPhone Developer";
				CODE_SIGN_STYLE = Manual;
				INFOPLIST_FILE = CardGen/Info.plist;
				LD_RUNPATH_SEARCH_PATHS = (
					"$(inherited)",
					"@executable_path/Frameworks",
				);
				PRODUCT_BUNDLE_IDENTIFIER = EN.CardGen;
				PRODUCT_NAME = "$(TARGET_NAME)";
				SWIFT_VERSION = 5.0;
				TARGETED_DEVICE_FAMILY = "1,2";
			};
			name = Release;
		};
/* End XCBuildConfiguration section */

/* Begin XCConfigurationList section */
		9FC61A6926B84FD1007C67D9 /* Build configuration list for PBXProject "CardGen" */ = {
			isa = XCConfigurationList;
			buildConfigurations = (
				9FC61A8026B84FD3007C67D9 /* Debug */,
				9FC61A8126B84FD3007C67D9 /* Release */,
			);
			defaultConfigurationIsVisible = 0;
			defaultConfigurationName = Release;
		};
		9FC61A8226B84FD3007C67D9 /* Build configuration list for PBXNativeTarget "CardGen" */ = {
			isa = XCConfigurationList;
			buildConfigurations = (
				9FC61A8326B84FD3007C67D9 /* Debug */,
				9FC61A8426B84FD3007C67D9 /* Release */,
			);
			defaultConfigurationIsVisible = 0;
			defaultConfigurationName = Release;
		};
/* End XCConfigurationList section */

/* Begin XCRemoteSwiftPackageReference section */
		9F57DA7D26C65AE700FEC44C /* XCRemoteSwiftPackageReference "Swinject" */ = {
			isa = XCRemoteSwiftPackageReference;
			repositoryURL = "https://github.com/Swinject/Swinject.git";
			requirement = {
				kind = upToNextMajorVersion;
				minimumVersion = 2.7.1;
			};
		};
/* End XCRemoteSwiftPackageReference section */

/* Begin XCSwiftPackageProductDependency section */
		9F57DA7E26C65AE700FEC44C /* Swinject */ = {
			isa = XCSwiftPackageProductDependency;
			package = 9F57DA7D26C65AE700FEC44C /* XCRemoteSwiftPackageReference "Swinject" */;
			productName = Swinject;
		};
/* End XCSwiftPackageProductDependency section */
	};
	rootObject = 9FC61A6626B84FD1007C67D9 /* Project object */;
}
